header:
  version: 14
overrides:
  repos:
    bitbake:
      commit: a9173b9d57f09d86ae24b605958b6acf4815f4ad
    oe-core:
      commit: 6f7a806ece411ab32e4b1c08a0299400bdf3b588
    meta-yocto:
      commit: 30756f716a1f527a74a9e12bad8f6e0e756ed9a4
    meta-openembedded:
      commit: 6f59e8f70758323fbdcc3468c94a6508b9ac5af7
