header:
    version: 14
overrides:
    repos:
        bitbake:
            commit: cdd79c1768ac396a9c6577e38098da4331507f24
        oe-core:
            commit: d5cfa342d0c9400f44cecf57b2b2233779606f1a
        meta-yocto:
            commit: c23c19e0b300812bad314f1d0a901965315271ae
        meta-openembedded:
            commit: 7bbe4a4e200452b1fd6c09c7fcf36c4b229146f6
