header:
  version: 14
overrides:
  repos:
    bitbake:
      commit: ac097300921590ed6a814f2c3fa08a59f4ded92d
    oe-core:
      commit: bba638620fd241cb43b5c7b64e07e84b4dff6024
    meta-yocto:
      commit: 0993c45a1f78f302fd40c78a2a1f709daa7a0ae0
    meta-openembedded:
      commit: 07330a98cf93806b7a4e0170a541b94962ff3960
    meta-clang:
      commit: 5945abf78de6c4b0269c4496fb63227344f79df7
    meta-rust:
      commit: 328334d9d31241d1d29eb754c5c102d5b0e002ab
